
Microsoft Visual Studio Solution File, Format Version 12.00
# Visual Studio Version 16
VisualStudioVersion = 16.0.33130.400
MinimumVisualStudioVersion = 10.0.40219.1
Project("{FAE04EC0-301F-11D3-BF4B-00C04F79EFBC}") = "MinecraftJarLocator", "MinecraftJarLocator\MinecraftJarLocator.csproj", "{CA9B930B-DAB1-4CB8-9D60-9B1EDBF6FBF3}"
EndProject
Global
	GlobalSection(SolutionConfigurationPlatforms) = preSolution
		Debug|Any CPU = Debug|Any CPU
		Release|Any CPU = Release|Any CPU
	EndGlobalSection
	GlobalSection(ProjectConfigurationPlatforms) = postSolution
		{CA9B930B-DAB1-4CB8-9D60-9B1EDBF6FBF3}.Debug|Any CPU.ActiveCfg = Debug|Any CPU
		{CA9B930B-DAB1-4CB8-9D60-9B1EDBF6FBF3}.Debug|Any CPU.Build.0 = Debug|Any CPU
		{CA9B930B-DAB1-4CB8-9D60-9B1EDBF6FBF3}.Release|Any CPU.ActiveCfg = Release|Any CPU
		{CA9B930B-DAB1-4CB8-9D60-9B1EDBF6FBF3}.Release|Any CPU.Build.0 = Release|Any CPU
	EndGlobalSection
	GlobalSection(SolutionProperties) = preSolution
		HideSolutionNode = FALSE
	EndGlobalSection
	GlobalSection(ExtensibilityGlobals) = postSolution
		SolutionGuid = {C1CE5FD7-515B-4335-876D-27F2FB7424F5}
	EndGlobalSection
EndGlobal
